lockfileVersion: '6.0'

settings:
  autoInstallPeers: true
  excludeLinksFromLockfile: false

dependencies:
  cloudinary:
    specifier: ^1.41.0
    version: 1.41.0

packages:

  /cloudinary-core@2.13.0(lodash@4.17.21):
    resolution: {integrity: sha512-Nt0Q5I2FtenmJghtC4YZ3MZZbGg1wLm84SsxcuVwZ83OyJqG9CNIGp86CiI6iDv3QobaqBUpOT7vg+HqY5HxEA==}
    peerDependencies:
      lodash: '>=4.0'
    dependencies:
      lodash: 4.17.21
    dev: false

  /cloudinary@1.41.0:
    resolution: {integrity: sha512-qFf2McjvILJITePf4VF1PrY/8c2zy+/q5FVV6V3VWrP/gpIZsusPqXL4QZ6ZKXibPRukzMYqsQEhaSQgJHKKow==}
    engines: {node: '>=0.6'}
    dependencies:
      cloudinary-core: 2.13.0(lodash@4.17.21)
      core-js: 3.33.0
      lodash: 4.17.21
      q: 1.5.1
    dev: false

  /core-js@3.33.0:
    resolution: {integrity: sha512-HoZr92+ZjFEKar5HS6MC776gYslNOKHt75mEBKWKnPeFDpZ6nH5OeF3S6HFT1mUAUZKrzkez05VboaX8myjSuw==}
    requiresBuild: true
    dev: false

  /lodash@4.17.21:
    resolution: {integrity: sha512-v2kDEe57lecTulaDIuNTPy3Ry4gLGJ6Z1O3vE1krgXZNrsQ+LFTGHVxVjcXPs17LhbZVGedAJv8XZ1tvj5FvSg==}
    dev: false

  /q@1.5.1:
    resolution: {integrity: sha512-kV/CThkXo6xyFEZUugw/+pIOywXcDbFYgSct5cT3gqlbkBE1SJdwy6UQoZvodiWF/ckQLZyDE/Bu1M6gVu5lVw==}
    engines: {node: '>=0.6.0', teleport: '>=0.2.0'}
    dev: false
